
Microsoft Visual Studio Solution File, Format Version 12.00
# Visual Studio Version 18
VisualStudioVersion = 18.4.11605.240
MinimumVisualStudioVersion = 17.8.0.0
Project("{9A19103F-16F7-4668-BE54-9A1E7A4F7556}") = "Aspire.AppHost", "Aspire.AppHost\Aspire.AppHost.csproj", "{A6082D11-84CD-4E08-87D2-B5D938F24B75}"
EndProject
Project("{FAE04EC0-301F-11D3-BF4B-00C04F79EFBC}") = "ProgettoAspNet", "..\ProgettoAspNet\ProgettoAspNet.csproj", "{58AC0DF8-E1B5-4A24-AEC0-3CF8B0F772AF}"
EndProject
Project("{FAE04EC0-301F-11D3-BF4B-00C04F79EFBC}") = "ProgettoAspNetCore", "..\ProgettoAspNetCore\ProgettoAspNetCore.csproj", "{48D36634-737B-6444-ED1B-4FAD373FBDFC}"
EndProject
Project("{FAE04EC0-301F-11D3-BF4B-00C04F79EFBC}") = "Aspire.AppHost.Test", "Aspire.AppHost.Test\Aspire.AppHost.Test.csproj", "{01A7223B-81A1-C850-3F47-75402F70E9CC}"
EndProject
Global
	GlobalSection(SolutionConfigurationPlatforms) = preSolution
		Debug|Any CPU = Debug|Any CPU
		Release|Any CPU = Release|Any CPU
	EndGlobalSection
	GlobalSection(ProjectConfigurationPlatforms) = postSolution
		{A6082D11-84CD-4E08-87D2-B5D938F24B75}.Debug|Any CPU.ActiveCfg = Debug|Any CPU
		{A6082D11-84CD-4E08-87D2-B5D938F24B75}.Debug|Any CPU.Build.0 = Debug|Any CPU
		{A6082D11-84CD-4E08-87D2-B5D938F24B75}.Release|Any CPU.ActiveCfg = Release|Any CPU
		{A6082D11-84CD-4E08-87D2-B5D938F24B75}.Release|Any CPU.Build.0 = Release|Any CPU
		{58AC0DF8-E1B5-4A24-AEC0-3CF8B0F772AF}.Debug|Any CPU.ActiveCfg = Debug|Any CPU
		{58AC0DF8-E1B5-4A24-AEC0-3CF8B0F772AF}.Debug|Any CPU.Build.0 = Debug|Any CPU
		{58AC0DF8-E1B5-4A24-AEC0-3CF8B0F772AF}.Release|Any CPU.ActiveCfg = Release|Any CPU
		{58AC0DF8-E1B5-4A24-AEC0-3CF8B0F772AF}.Release|Any CPU.Build.0 = Release|Any CPU
		{48D36634-737B-6444-ED1B-4FAD373FBDFC}.Debug|Any CPU.ActiveCfg = Debug|Any CPU
		{48D36634-737B-6444-ED1B-4FAD373FBDFC}.Debug|Any CPU.Build.0 = Debug|Any CPU
		{48D36634-737B-6444-ED1B-4FAD373FBDFC}.Release|Any CPU.ActiveCfg = Release|Any CPU
		{48D36634-737B-6444-ED1B-4FAD373FBDFC}.Release|Any CPU.Build.0 = Release|Any CPU
		{01A7223B-81A1-C850-3F47-75402F70E9CC}.Debug|Any CPU.ActiveCfg = Debug|Any CPU
		{01A7223B-81A1-C850-3F47-75402F70E9CC}.Debug|Any CPU.Build.0 = Debug|Any CPU
		{01A7223B-81A1-C850-3F47-75402F70E9CC}.Release|Any CPU.ActiveCfg = Release|Any CPU
		{01A7223B-81A1-C850-3F47-75402F70E9CC}.Release|Any CPU.Build.0 = Release|Any CPU
	EndGlobalSection
	GlobalSection(SolutionProperties) = preSolution
		HideSolutionNode = FALSE
	EndGlobalSection
	GlobalSection(ExtensibilityGlobals) = postSolution
		SolutionGuid = {A4D14017-C5B2-4EC7-8DC8-5D5ACA1846B9}
	EndGlobalSection
EndGlobal
